// !$*UTF8*$!
{
	archiveVersion = 1;
	classes = {
	};
	objectVersion = 48;
	objects = {

/* Begin PBXBuildFile section */
		7C084CAB1FFB9A6D00B6B4CC /* AppDelegate.swift in Sources */ = {isa = PBXBuildFile; fileRef = 7C084CAA1FFB9A6D00B6B4CC /* AppDelegate.swift */; };
		7C084CAD1FFB9A6D00B6B4CC /* ToDoListViewController.swift in Sources */ = {isa = PBXBuildFile; fileRef = 7C084CAC1FFB9A6D00B6B4CC /* ToDoListViewController.swift */; };
		7C084CB01FFB9A6D00B6B4CC /* Main.storyboard in Resources */ = {isa = PBXBuildFile; fileRef = 7C084CAE1FFB9A6D00B6B4CC /* Main.storyboard */; };
		7C084CB21FFB9A6D00B6B4CC /* Assets.xcassets in Resources */ = {isa = PBXBuildFile; fileRef = 7C084CB11FFB9A6D00B6B4CC /* Assets.xcassets */; };
		7C084CB51FFB9A6D00B6B4CC /* LaunchScreen.storyboard in Resources */ = {isa = PBXBuildFile; fileRef = 7C084CB31FFB9A6D00B6B4CC /* LaunchScreen.storyboard */; };
		7C3B3B382014DA8F00E4F2C0 /* CategoryViewController.swift in Sources */ = {isa = PBXBuildFile; fileRef = 7C3B3B372014DA8F00E4F2C0 /* CategoryViewController.swift */; };
		7C7DDD762021027F004300A1 /* Item.swift in Sources */ = {isa = PBXBuildFile; fileRef = 7C7DDD752021027F004300A1 /* Item.swift */; };
		7C7DDD7820210295004300A1 /* Category.swift in Sources */ = {isa = PBXBuildFile; fileRef = 7C7DDD7720210295004300A1 /* Category.swift */; };
		A17B6523A6EEFB27795C204B /* Pods_Todoey.framework in Frameworks */ = {isa = PBXBuildFile; fileRef = 5A7F9E3135B62C3642D0C0E3 /* Pods_Todoey.framework */; };
/* End PBXBuildFile section */

/* Begin PBXFileReference section */
		5A7F9E3135B62C3642D0C0E3 /* Pods_Todoey.framework */ = {isa = PBXFileReference; explicitFileType = wrapper.framework; includeInIndex = 0; path = Pods_Todoey.framework; sourceTree = BUILT_PRODUCTS_DIR; };
		67B3CF35FA7EAF2345DFCF61 /* Pods-Todoey.release.xcconfig */ = {isa = PBXFileReference; includeInIndex = 1; lastKnownFileType = text.xcconfig; name = "Pods-Todoey.release.xcconfig"; path = "Pods/Target Support Files/Pods-Todoey/Pods-Todoey.release.xcconfig"; sourceTree = "<group>"; };
		7C084CA71FFB9A6D00B6B4CC /* Todoey.app */ = {isa = PBXFileReference; explicitFileType = wrapper.application; includeInIndex = 0; path = Todoey.app; sourceTree = BUILT_PRODUCTS_DIR; };
		7C084CAA1FFB9A6D00B6B4CC /* AppDelegate.swift */ = {isa = PBXFileReference; lastKnownFileType = sourcecode.swift; path = AppDelegate.swift; sourceTree = "<group>"; };
		7C084CAC1FFB9A6D00B6B4CC /* ToDoListViewController.swift */ = {isa = PBXFileReference; lastKnownFileType = sourcecode.swift; path = ToDoListViewController.swift; sourceTree = "<group>"; };
		7C084CAF1FFB9A6D00B6B4CC /* Base */ = {isa = PBXFileReference; lastKnownFileType = file.storyboard; name = Base; path = Base.lproj/Main.storyboard; sourceTree = "<group>"; };
		7C084CB11FFB9A6D00B6B4CC /* Assets.xcassets */ = {isa = PBXFileReference; lastKnownFileType = folder.assetcatalog; path = Assets.xcassets; sourceTree = "<group>"; };
		7C084CB41FFB9A6D00B6B4CC /* Base */ = {isa = PBXFileReference; lastKnownFileType = file.storyboard; name = Base; path = Base.lproj/LaunchScreen.storyboard; sourceTree = "<group>"; };
		7C084CB61FFB9A6D00B6B4CC /* Info.plist */ = {isa = PBXFileReference; lastKnownFileType = text.plist.xml; path = Info.plist; sourceTree = "<group>"; };
		7C3B3B372014DA8F00E4F2C0 /* CategoryViewController.swift */ = {isa = PBXFileReference; lastKnownFileType = sourcecode.swift; name = CategoryViewController.swift; path = Todoey/Controllers/CategoryViewController.swift; sourceTree = SOURCE_ROOT; };
		7C7DDD752021027F004300A1 /* Item.swift */ = {isa = PBXFileReference; lastKnownFileType = sourcecode.swift; path = Item.swift; sourceTree = "<group>"; };
		7C7DDD7720210295004300A1 /* Category.swift */ = {isa = PBXFileReference; lastKnownFileType = sourcecode.swift; path = Category.swift; sourceTree = "<group>"; };
		E8DFC077D710B0E450E890DE /* Pods-Todoey.debug.xcconfig */ = {isa = PBXFileReference; includeInIndex = 1; lastKnownFileType = text.xcconfig; name = "Pods-Todoey.debug.xcconfig"; path = "Pods/Target Support Files/Pods-Todoey/Pods-Todoey.debug.xcconfig"; sourceTree = "<group>"; };
/* End PBXFileReference section */

/* Begin PBXFrameworksBuildPhase section */
		7C084CA41FFB9A6D00B6B4CC /* Frameworks */ = {
			isa = PBXFrameworksBuildPhase;
			buildActionMask = 2147483647;
			files = (
				A17B6523A6EEFB27795C204B /* Pods_Todoey.framework in Frameworks */,
			);
			runOnlyForDeploymentPostprocessing = 0;
		};
/* End PBXFrameworksBuildPhase section */

/* Begin PBXGroup section */
		2CF90A2629C9819702177D0D /* Frameworks */ = {
			isa = PBXGroup;
			children = (
				5A7F9E3135B62C3642D0C0E3 /* Pods_Todoey.framework */,
			);
			name = Frameworks;
			sourceTree = "<group>";
		};
		7C0454682002475A0016D807 /* Data Model */ = {
			isa = PBXGroup;
			children = (
				7C7DDD7720210295004300A1 /* Category.swift */,
				7C7DDD752021027F004300A1 /* Item.swift */,
			);
			path = "Data Model";
			sourceTree = "<group>";
		};
		7C04546A200248360016D807 /* Controllers */ = {
			isa = PBXGroup;
			children = (
				7C3B3B372014DA8F00E4F2C0 /* CategoryViewController.swift */,
				7C084CAC1FFB9A6D00B6B4CC /* ToDoListViewController.swift */,
			);
			path = Controllers;
			sourceTree = "<group>";
		};
		7C04546B200248620016D807 /* Views */ = {
			isa = PBXGroup;
			children = (
				7C084CAE1FFB9A6D00B6B4CC /* Main.storyboard */,
			);
			path = Views;
			sourceTree = "<group>";
		};
		7C04546C2002489E0016D807 /* Supporting Files */ = {
			isa = PBXGroup;
			children = (
				7C084CB11FFB9A6D00B6B4CC /* Assets.xcassets */,
				7C084CB31FFB9A6D00B6B4CC /* LaunchScreen.storyboard */,
			);
			path = "Supporting Files";
			sourceTree = "<group>";
		};
		7C084C9E1FFB9A6C00B6B4CC = {
			isa = PBXGroup;
			children = (
				7C084CA91FFB9A6D00B6B4CC /* Todoey */,
				7C084CA81FFB9A6D00B6B4CC /* Products */,
				C3FC40BD15B549E8294CB040 /* Pods */,
				2CF90A2629C9819702177D0D /* Frameworks */,
			);
			sourceTree = "<group>";
		};
		7C084CA81FFB9A6D00B6B4CC /* Products */ = {
			isa = PBXGroup;
			children = (
				7C084CA71FFB9A6D00B6B4CC /* Todoey.app */,
			);
			name = Products;
			sourceTree = "<group>";
		};
		7C084CA91FFB9A6D00B6B4CC /* Todoey */ = {
			isa = PBXGroup;
			children = (
				7C084CAA1FFB9A6D00B6B4CC /* AppDelegate.swift */,
				7C04546A200248360016D807 /* Controllers */,
				7C0454682002475A0016D807 /* Data Model */,
				7C04546B200248620016D807 /* Views */,
				7C04546C2002489E0016D807 /* Supporting Files */,
				7C084CB61FFB9A6D00B6B4CC /* Info.plist */,
			);
			path = Todoey;
			sourceTree = "<group>";
		};
		C3FC40BD15B549E8294CB040 /* Pods */ = {
			isa = PBXGroup;
			children = (
				E8DFC077D710B0E450E890DE /* Pods-Todoey.debug.xcconfig */,
				67B3CF35FA7EAF2345DFCF61 /* Pods-Todoey.release.xcconfig */,
			);
			name = Pods;
			sourceTree = "<group>";
		};
/* End PBXGroup section */

/* Begin PBXNativeTarget section */
		7C084CA61FFB9A6D00B6B4CC /* Todoey */ = {
			isa = PBXNativeTarget;
			buildConfigurationList = 7C084CB91FFB9A6D00B6B4CC /* Build configuration list for PBXNativeTarget "Todoey" */;
			buildPhases = (
				948CC36EE001E6B7C0DA49B0 /* [CP] Check Pods Manifest.lock */,
				7C084CA31FFB9A6D00B6B4CC /* Sources */,
				7C084CA41FFB9A6D00B6B4CC /* Frameworks */,
				7C084CA51FFB9A6D00B6B4CC /* Resources */,
				E235B07A1510CC8621D0E4FA /* [CP] Embed Pods Frameworks */,
				497B43AFABDF5F0BAC3BD9BC /* [CP] Copy Pods Resources */,
			);
			buildRules = (
			);
			dependencies = (
			);
			name = Todoey;
			productName = Todoey;
			productReference = 7C084CA71FFB9A6D00B6B4CC /* Todoey.app */;
			productType = "com.apple.product-type.application";
		};
/* End PBXNativeTarget section */

/* Begin PBXProject section */
		7C084C9F1FFB9A6C00B6B4CC /* Project object */ = {
			isa = PBXProject;
			attributes = {
				LastSwiftUpdateCheck = 0920;
				LastUpgradeCheck = 0920;
				ORGANIZATIONNAME = "Stysin Technoogies";
				TargetAttributes = {
					7C084CA61FFB9A6D00B6B4CC = {
						CreatedOnToolsVersion = 9.2;
						ProvisioningStyle = Automatic;
					};
				};
			};
			buildConfigurationList = 7C084CA21FFB9A6C00B6B4CC /* Build configuration list for PBXProject "Todoey" */;
			compatibilityVersion = "Xcode 8.0";
			developmentRegion = en;
			hasScannedForEncodings = 0;
			knownRegions = (
				en,
				Base,
			);
			mainGroup = 7C084C9E1FFB9A6C00B6B4CC;
			productRefGroup = 7C084CA81FFB9A6D00B6B4CC /* Products */;
			projectDirPath = "";
			projectRoot = "";
			targets = (
				7C084CA61FFB9A6D00B6B4CC /* Todoey */,
			);
		};
/* End PBXProject section */

/* Begin PBXResourcesBuildPhase section */
		7C084CA51FFB9A6D00B6B4CC /* Resources */ = {
			isa = PBXResourcesBuildPhase;
			buildActionMask = 2147483647;
			files = (
				7C084CB51FFB9A6D00B6B4CC /* LaunchScreen.storyboard in Resources */,
				7C084CB21FFB9A6D00B6B4CC /* Assets.xcassets in Resources */,
				7C084CB01FFB9A6D00B6B4CC /* Main.storyboard in Resources */,
			);
			runOnlyForDeploymentPostprocessing = 0;
		};
/* End PBXResourcesBuildPhase section */

/* Begin PBXShellScriptBuildPhase section */
		497B43AFABDF5F0BAC3BD9BC /* [CP] Copy Pods Resources */ = {
			isa = PBXShellScriptBuildPhase;
			buildActionMask = 2147483647;
			files = (
			);
			inputPaths = (
			);
			name = "[CP] Copy Pods Resources";
			outputPaths = (
			);
			runOnlyForDeploymentPostprocessing = 0;
			shellPath = /bin/sh;
			shellScript = "\"${SRCROOT}/Pods/Target Support Files/Pods-Todoey/Pods-Todoey-resources.sh\"\n";
			showEnvVarsInLog = 0;
		};
		948CC36EE001E6B7C0DA49B0 /* [CP] Check Pods Manifest.lock */ = {
			isa = PBXShellScriptBuildPhase;
			buildActionMask = 2147483647;
			files = (
			);
			inputPaths = (
				"${PODS_PODFILE_DIR_PATH}/Podfile.lock",
				"${PODS_ROOT}/Manifest.lock",
			);
			name = "[CP] Check Pods Manifest.lock";
			outputPaths = (
				"$(DERIVED_FILE_DIR)/Pods-Todoey-checkManifestLockResult.txt",
			);
			runOnlyForDeploymentPostprocessing = 0;
			shellPath = /bin/sh;
			shellScript = "diff \"${PODS_PODFILE_DIR_PATH}/Podfile.lock\" \"${PODS_ROOT}/Manifest.lock\" > /dev/null\nif [ $? != 0 ] ; then\n    # print error to STDERR\n    echo \"error: The sandbox is not in sync with the Podfile.lock. Run 'pod install' or update your CocoaPods installation.\" >&2\n    exit 1\nfi\n# This output is used by Xcode 'outputs' to avoid re-running this script phase.\necho \"SUCCESS\" > \"${SCRIPT_OUTPUT_FILE_0}\"\n";
			showEnvVarsInLog = 0;
		};
		E235B07A1510CC8621D0E4FA /* [CP] Embed Pods Frameworks */ = {
			isa = PBXShellScriptBuildPhase;
			buildActionMask = 2147483647;
			files = (
			);
			inputPaths = (
				"${SRCROOT}/Pods/Target Support Files/Pods-Todoey/Pods-Todoey-frameworks.sh",
				"${BUILT_PRODUCTS_DIR}/Realm/Realm.framework",
				"${BUILT_PRODUCTS_DIR}/RealmSwift/RealmSwift.framework",
			);
			name = "[CP] Embed Pods Frameworks";
			outputPaths = (
				"${TARGET_BUILD_DIR}/${FRAMEWORKS_FOLDER_PATH}/Realm.framework",
				"${TARGET_BUILD_DIR}/${FRAMEWORKS_FOLDER_PATH}/RealmSwift.framework",
			);
			runOnlyForDeploymentPostprocessing = 0;
			shellPath = /bin/sh;
			shellScript = "\"${SRCROOT}/Pods/Target Support Files/Pods-Todoey/Pods-Todoey-frameworks.sh\"\n";
			showEnvVarsInLog = 0;
		};
/* End PBXShellScriptBuildPhase section */

/* Begin PBXSourcesBuildPhase section */
		7C084CA31FFB9A6D00B6B4CC /* Sources */ = {
			isa = PBXSourcesBuildPhase;
			buildActionMask = 2147483647;
			files = (
				7C7DDD762021027F004300A1 /* Item.swift in Sources */,
				7C3B3B382014DA8F00E4F2C0 /* CategoryViewController.swift in Sources */,
				7C084CAD1FFB9A6D00B6B4CC /* ToDoListViewController.swift in Sources */,
				7C084CAB1FFB9A6D00B6B4CC /* AppDelegate.swift in Sources */,
				7C7DDD7820210295004300A1 /* Category.swift in Sources */,
			);
			runOnlyForDeploymentPostprocessing = 0;
		};
/* End PBXSourcesBuildPhase section */

/* Begin PBXVariantGroup section */
		7C084CAE1FFB9A6D00B6B4CC /* Main.storyboard */ = {
			isa = PBXVariantGroup;
			children = (
				7C084CAF1FFB9A6D00B6B4CC /* Base */,
			);
			name = Main.storyboard;
			sourceTree = "<group>";
		};
		7C084CB31FFB9A6D00B6B4CC /* LaunchScreen.storyboard */ = {
			isa = PBXVariantGroup;
			children = (
				7C084CB41FFB9A6D00B6B4CC /* Base */,
			);
			name = LaunchScreen.storyboard;
			sourceTree = "<group>";
		};
/* End PBXVariantGroup section */

/* Begin XCBuildConfiguration section */
		7C084CB71FFB9A6D00B6B4CC /* Debug */ = {
			isa = XCBuildConfiguration;
			buildSettings = {
				ALWAYS_SEARCH_USER_PATHS = NO;
				CLANG_ANALYZER_NONNULL = YES;
				CLANG_ANALYZER_NUMBER_OBJECT_CONVERSION = YES_AGGRESSIVE;
				CLANG_CXX_LANGUAGE_STANDARD = "gnu++14";
				CLANG_CXX_LIBRARY = "libc++";
				CLANG_ENABLE_MODULES = YES;
				CLANG_ENABLE_OBJC_ARC = YES;
				CLANG_WARN_BLOCK_CAPTURE_AUTORELEASING = YES;
				CLANG_WARN_BOOL_CONVERSION = YES;
				CLANG_WARN_COMMA = YES;
				CLANG_WARN_CONSTANT_CONVERSION = YES;
				CLANG_WARN_DIRECT_OBJC_ISA_USAGE = YES_ERROR;
				CLANG_WARN_DOCUMENTATION_COMMENTS = YES;
				CLANG_WARN_EMPTY_BODY = YES;
				CLANG_WARN_ENUM_CONVERSION = YES;
				CLANG_WARN_INFINITE_RECURSION = YES;
				CLANG_WARN_INT_CONVERSION = YES;
				CLANG_WARN_NON_LITERAL_NULL_CONVERSION = YES;
				CLANG_WARN_OBJC_LITERAL_CONVERSION = YES;
				CLANG_WARN_OBJC_ROOT_CLASS = YES_ERROR;
				CLANG_WARN_RANGE_LOOP_ANALYSIS = YES;
				CLANG_WARN_STRICT_PROTOTYPES = YES;
				CLANG_WARN_SUSPICIOUS_MOVE = YES;
				CLANG_WARN_UNGUARDED_AVAILABILITY = YES_AGGRESSIVE;
				CLANG_WARN_UNREACHABLE_CODE = YES;
				CLANG_WARN__DUPLICATE_METHOD_MATCH = YES;
				CODE_SIGN_IDENTITY = "iPhone Developer";
				COPY_PHASE_STRIP = NO;
				DEBUG_INFORMATION_FORMAT = dwarf;
				ENABLE_STRICT_OBJC_MSGSEND = YES;
				ENABLE_TESTABILITY = YES;
				GCC_C_LANGUAGE_STANDARD = gnu11;
				GCC_DYNAMIC_NO_PIC = NO;
				GCC_NO_COMMON_BLOCKS = YES;
				GCC_OPTIMIZATION_LEVEL = 0;
				GCC_PREPROCESSOR_DEFINITIONS = (
					"DEBUG=1",
					"$(inherited)",
				);
				GCC_WARN_64_TO_32_BIT_CONVERSION = YES;
				GCC_WARN_ABOUT_RETURN_TYPE = YES_ERROR;
				GCC_WARN_UNDECLARED_SELECTOR = YES;
				GCC_WARN_UNINITIALIZED_AUTOS = YES_AGGRESSIVE;
				GCC_WARN_UNUSED_FUNCTION = YES;
				GCC_WARN_UNUSED_VARIABLE = YES;
				IPHONEOS_DEPLOYMENT_TARGET = 11.2;
				MTL_ENABLE_DEBUG_INFO = YES;
				ONLY_ACTIVE_ARCH = YES;
				SDKROOT = iphoneos;
				SWIFT_ACTIVE_COMPILATION_CONDITIONS = DEBUG;
				SWIFT_OPTIMIZATION_LEVEL = "-Onone";
			};
			name = Debug;
		};
		7C084CB81FFB9A6D00B6B4CC /* Release */ = {
			isa = XCBuildConfiguration;
			buildSettings = {
				ALWAYS_SEARCH_USER_PATHS = NO;
				CLANG_ANALYZER_NONNULL = YES;
				CLANG_ANALYZER_NUMBER_OBJECT_CONVERSION = YES_AGGRESSIVE;
				CLANG_CXX_LANGUAGE_STANDARD = "gnu++14";
				CLANG_CXX_LIBRARY = "libc++";
				CLANG_ENABLE_MODULES = YES;
				CLANG_ENABLE_OBJC_ARC = YES;
				CLANG_WARN_BLOCK_CAPTURE_AUTORELEASING = YES;
				CLANG_WARN_BOOL_CONVERSION = YES;
				CLANG_WARN_COMMA = YES;
				CLANG_WARN_CONSTANT_CONVERSION = YES;
				CLANG_WARN_DIRECT_OBJC_ISA_USAGE = YES_ERROR;
				CLANG_WARN_DOCUMENTATION_COMMENTS = YES;
				CLANG_WARN_EMPTY_BODY = YES;
				CLANG_WARN_ENUM_CONVERSION = YES;
				CLANG_WARN_INFINITE_RECURSION = YES;
				CLANG_WARN_INT_CONVERSION = YES;
				CLANG_WARN_NON_LITERAL_NULL_CONVERSION = YES;
				CLANG_WARN_OBJC_LITERAL_CONVERSION = YES;
				CLANG_WARN_OBJC_ROOT_CLASS = YES_ERROR;
				CLANG_WARN_RANGE_LOOP_ANALYSIS = YES;
				CLANG_WARN_STRICT_PROTOTYPES = YES;
				CLANG_WARN_SUSPICIOUS_MOVE = YES;
				CLANG_WARN_UNGUARDED_AVAILABILITY = YES_AGGRESSIVE;
				CLANG_WARN_UNREACHABLE_CODE = YES;
				CLANG_WARN__DUPLICATE_METHOD_MATCH = YES;
				CODE_SIGN_IDENTITY = "iPhone Developer";
				COPY_PHASE_STRIP = NO;
				DEBUG_INFORMATION_FORMAT = "dwarf-with-dsym";
				ENABLE_NS_ASSERTIONS = NO;
				ENABLE_STRICT_OBJC_MSGSEND = YES;
				GCC_C_LANGUAGE_STANDARD = gnu11;
				GCC_NO_COMMON_BLOCKS = YES;
				GCC_WARN_64_TO_32_BIT_CONVERSION = YES;
				GCC_WARN_ABOUT_RETURN_TYPE = YES_ERROR;
				GCC_WARN_UNDECLARED_SELECTOR = YES;
				GCC_WARN_UNINITIALIZED_AUTOS = YES_AGGRESSIVE;
				GCC_WARN_UNUSED_FUNCTION = YES;
				GCC_WARN_UNUSED_VARIABLE = YES;
				IPHONEOS_DEPLOYMENT_TARGET = 11.2;
				MTL_ENABLE_DEBUG_INFO = NO;
				SDKROOT = iphoneos;
				SWIFT_OPTIMIZATION_LEVEL = "-Owholemodule";
				VALIDATE_PRODUCT = YES;
			};
			name = Release;
		};
		7C084CBA1FFB9A6D00B6B4CC /* Debug */ = {
			isa = XCBuildConfiguration;
			baseConfigurationReference = E8DFC077D710B0E450E890DE /* Pods-Todoey.debug.xcconfig */;
			buildSettings = {
				ASSETCATALOG_COMPILER_APPICON_NAME = AppIcon;
				CODE_SIGN_STYLE = Automatic;
				DEVELOPMENT_TEAM = 8349M8944A;
				INFOPLIST_FILE = Todoey/Info.plist;
				LD_RUNPATH_SEARCH_PATHS = "$(inherited) @executable_path/Frameworks";
				PRODUCT_BUNDLE_IDENTIFIER = com.stysintechnologies.Todoey;
				PRODUCT_NAME = "$(TARGET_NAME)";
				SWIFT_VERSION = 4.0;
				TARGETED_DEVICE_FAMILY = "1,2";
			};
			name = Debug;
		};
		7C084CBB1FFB9A6D00B6B4CC /* Release */ = {
			isa = XCBuildConfiguration;
			baseConfigurationReference = 67B3CF35FA7EAF2345DFCF61 /* Pods-Todoey.release.xcconfig */;
			buildSettings = {
				ASSETCATALOG_COMPILER_APPICON_NAME = AppIcon;
				CODE_SIGN_STYLE = Automatic;
				DEVELOPMENT_TEAM = 8349M8944A;
				INFOPLIST_FILE = Todoey/Info.plist;
				LD_RUNPATH_SEARCH_PATHS = "$(inherited) @executable_path/Frameworks";
				PRODUCT_BUNDLE_IDENTIFIER = com.stysintechnologies.Todoey;
				PRODUCT_NAME = "$(TARGET_NAME)";
				SWIFT_VERSION = 4.0;
				TARGETED_DEVICE_FAMILY = "1,2";
			};
			name = Release;
		};
/* End XCBuildConfiguration section */

/* Begin XCConfigurationList section */
		7C084CA21FFB9A6C00B6B4CC /* Build configuration list for PBXProject "Todoey" */ = {
			isa = XCConfigurationList;
			buildConfigurations = (
				7C084CB71FFB9A6D00B6B4CC /* Debug */,
				7C084CB81FFB9A6D00B6B4CC /* Release */,
			);
			defaultConfigurationIsVisible = 0;
			defaultConfigurationName = Release;
		};
		7C084CB91FFB9A6D00B6B4CC /* Build configuration list for PBXNativeTarget "Todoey" */ = {
			isa = XCConfigurationList;
			buildConfigurations = (
				7C084CBA1FFB9A6D00B6B4CC /* Debug */,
				7C084CBB1FFB9A6D00B6B4CC /* Release */,
			);
			defaultConfigurationIsVisible = 0;
			defaultConfigurationName = Release;
		};
/* End XCConfigurationList section */
	};
	rootObject = 7C084C9F1FFB9A6C00B6B4CC /* Project object */;
}
